
Microsoft Visual Studio Solution File, Format Version 12.00
# Visual Studio Version 17
VisualStudioVersion = 17.5.33424.131
MinimumVisualStudioVersion = 10.0.40219.1
Project("{FAE04EC0-301F-11D3-BF4B-00C04F79EFBC}") = "TaoTray", "TaoTray.csproj", "{1D1F2129-D0BF-4754-B4BB-88B323913DDC}"
EndProject
Global
	GlobalSection(SolutionConfigurationPlatforms) = preSolution
		Debug|Any CPU = Debug|Any CPU
		Release|Any CPU = Release|Any CPU
	EndGlobalSection
	GlobalSection(ProjectConfigurationPlatforms) = postSolution
		{1D1F2129-D0BF-4754-B4BB-88B323913DDC}.Debug|Any CPU.ActiveCfg = Debug|Any CPU
		{1D1F2129-D0BF-4754-B4BB-88B323913DDC}.Debug|Any CPU.Build.0 = Debug|Any CPU
		{1D1F2129-D0BF-4754-B4BB-88B323913DDC}.Release|Any CPU.ActiveCfg = Release|Any CPU
		{1D1F2129-D0BF-4754-B4BB-88B323913DDC}.Release|Any CPU.Build.0 = Release|Any CPU
	EndGlobalSection
	GlobalSection(SolutionProperties) = preSolution
		HideSolutionNode = FALSE
	EndGlobalSection
	GlobalSection(ExtensibilityGlobals) = postSolution
		SolutionGuid = {F2FD0914-D501-4E18-952F-6FD125802593}
	EndGlobalSection
EndGlobal
